{
    "_readme": [
        "This file locks the dependencies of your project to a known state",
        "Read more about it at https://getcomposer.org/doc/01-basic-usage.md#installing-dependencies",
        "This file is @generated automatically"
    ],
    "content-hash": "b35e12826e949b977cafeba8d6e8d564",
    "packages": [
        {
            "name": "kint-php/kint",
            "version": "3.3",
            "source": {
                "type": "git",
                "url": "https://github.com/kint-php/kint.git",
                "reference": "335ac1bcaf04d87df70d8aa51e8887ba2c6d203b"
            },
            "dist": {
                "type": "zip",
                "url": "https://api.github.com/repos/kint-php/kint/zipball/335ac1bcaf04d87df70d8aa51e8887ba2c6d203b",
                "reference": "335ac1bcaf04d87df70d8aa51e8887ba2c6d203b",
                "shasum": ""
            },
            "require": {
                "php": ">=5.3.6"
            },
            "require-dev": {
                "friendsofphp/php-cs-fixer": "^2.0",
                "phpunit/phpunit": "^4.0",
                "seld/phar-utils": "^1.0",
                "symfony/finder": "^2.0 || ^3.0 || ^4.0",
                "vimeo/psalm": "^3.0"
            },
            "suggest": {
                "ext-ctype": "Simple data type tests",
                "ext-iconv": "Provides fallback detection for ambiguous legacy string encodings such as the Windows and ISO 8859 code pages",
                "ext-mbstring": "Provides string encoding detection",
                "kint-php/kint-js": "Provides a simplified dump to console.log()",
                "kint-php/kint-twig": "Provides d() and s() functions in twig templates",
                "symfony/polyfill-ctype": "Replacement for ext-ctype if missing",
                "symfony/polyfill-iconv": "Replacement for ext-iconv if missing",
                "symfony/polyfill-mbstring": "Replacement for ext-mbstring if missing"
            },
            "type": "library",
            "autoload": {
                "files": [
                    "init.php"
                ],
                "psr-4": {
                    "Kint\\": "src/"
                }
            },
            "notification-url": "https://packagist.org/downloads/",
            "license": [
                "MIT"
            ],
            "authors": [
                {
                    "name": "Jonathan Vollebregt",
                    "homepage": "https://github.com/jnvsor"
                },
                {
                    "name": "Rokas Šleinius",
                    "homepage": "https://github.com/raveren"
                },
                {
                    "name": "Contributors",
                    "homepage": "https://github.com/kint-php/kint/graphs/contributors"
                }
            ],
            "description": "Kint - debugging tool for PHP developers",
            "homepage": "https://kint-php.github.io/kint/",
            "keywords": [
                "debug",
                "kint",
                "php"
            ],
            "support": {
                "issues": "https://github.com/kint-php/kint/issues",
                "source": "https://github.com/kint-php/kint/tree/master"
            },
            "time": "2019-10-17T18:05:24+00:00"
        }
    ],
    "packages-dev": [
        {
            "name": "ideasonpurpose/wp-test-stubs",
            "version": "dev-main",
            "source": {
                "type": "git",
                "url": "https://github.com/ideasonpurpose/wp-test-stubs.git",
                "reference": "9d452fad5a2b54f6bf688a591a75975908c1d570"
            },
            "dist": {
                "type": "zip",
                "url": "https://api.github.com/repos/ideasonpurpose/wp-test-stubs/zipball/9d452fad5a2b54f6bf688a591a75975908c1d570",
                "reference": "9d452fad5a2b54f6bf688a591a75975908c1d570",
                "shasum": ""
            },
            "default-branch": true,
            "type": "library",
            "autoload": {
                "psr-4": {
                    "IdeasOnPurpose\\WP\\Test\\": "src/"
                }
            },
            "notification-url": "https://packagist.org/downloads/",
            "license": [
                "MIT"
            ],
            "authors": [
                {
                    "name": "Ideas On Purpose"
                },
                {
                    "name": "Joe Maller",
                    "email": "joe@ideasonpurpose.com"
                }
            ],
            "description": "A simple collection of stubs and doubles for testing WordPress code.",
            "support": {
                "issues": "https://github.com/ideasonpurpose/wp-test-stubs/issues",
                "source": "https://github.com/ideasonpurpose/wp-test-stubs/tree/main"
            },
            "time": "2021-12-23T20:27:57+00:00"
        },
        {
            "name": "php-stubs/acf-pro-stubs",
            "version": "v5.10.2",
            "source": {
                "type": "git",
                "url": "https://github.com/php-stubs/acf-pro-stubs.git",
                "reference": "a79d5b7727895821c6d50f7e1acf3c7abc828b0d"
            },
            "dist": {
                "type": "zip",
                "url": "https://api.github.com/repos/php-stubs/acf-pro-stubs/zipball/a79d5b7727895821c6d50f7e1acf3c7abc828b0d",
                "reference": "a79d5b7727895821c6d50f7e1acf3c7abc828b0d",
                "shasum": ""
            },
            "require": {
                "php-stubs/wordpress-stubs": "^4.7 || ^5.0"
            },
            "require-dev": {
                "giacocorsiglia/stubs-generator": "^0.5.0",
                "php": "~7.1"
            },
            "suggest": {
                "symfony/polyfill-php73": "Symfony polyfill backporting some PHP 7.3+ features to lower PHP versions",
                "szepeviktor/phpstan-wordpress": "WordPress extensions for PHPStan"
            },
            "type": "library",
            "notification-url": "https://packagist.org/downloads/",
            "license": [
                "GPL-2.0-or-later"
            ],
            "description": "Advanced Custom Fields PRO stubs for static analysis.",
            "homepage": "https://github.com/php-stubs/acf-pro-stubs",
            "keywords": [
                "PHPStan",
                "acf",
                "static analysis",
                "wordpress"
            ],
            "support": {
                "issues": "https://github.com/php-stubs/acf-pro-stubs/issues",
                "source": "https://github.com/php-stubs/acf-pro-stubs/tree/v5.10.2"
            },
            "time": "2021-10-06T03:29:13+00:00"
        },
        {
            "name": "php-stubs/wordpress-stubs",
            "version": "v5.8.2",
            "source": {
                "type": "git",
                "url": "https://github.com/php-stubs/wordpress-stubs.git",
                "reference": "67fd773742b7be5b4463f40318b0b4890a07033b"
            },
            "dist": {
                "type": "zip",
                "url": "https://api.github.com/repos/php-stubs/wordpress-stubs/zipball/67fd773742b7be5b4463f40318b0b4890a07033b",
                "reference": "67fd773742b7be5b4463f40318b0b4890a07033b",
                "shasum": ""
            },
            "replace": {
                "giacocorsiglia/wordpress-stubs": "*"
            },
            "require-dev": {
                "giacocorsiglia/stubs-generator": "^0.5.0",
                "php": "~7.1"
            },
            "suggest": {
                "paragonie/sodium_compat": "Pure PHP implementation of libsodium",
                "symfony/polyfill-php73": "Symfony polyfill backporting some PHP 7.3+ features to lower PHP versions",
                "szepeviktor/phpstan-wordpress": "WordPress extensions for PHPStan"
            },
            "type": "library",
            "notification-url": "https://packagist.org/downloads/",
            "license": [
                "MIT"
            ],
            "description": "WordPress function and class declaration stubs for static analysis.",
            "homepage": "https://github.com/php-stubs/wordpress-stubs",
            "keywords": [
                "PHPStan",
                "static analysis",
                "wordpress"
            ],
            "support": {
                "issues": "https://github.com/php-stubs/wordpress-stubs/issues",
                "source": "https://github.com/php-stubs/wordpress-stubs/tree/v5.8.2"
            },
            "time": "2021-11-11T13:57:00+00:00"
        }
    ],
    "aliases": [],
    "minimum-stability": "stable",
    "stability-flags": {
        "ideasonpurpose/wp-test-stubs": 20
    },
    "prefer-stable": false,
    "prefer-lowest": false,
    "platform": [],
    "platform-dev": [],
    "plugin-api-version": "2.2.0"
}
