{
    "_readme": [
        "This file locks the dependencies of your project to a known state",
        "Read more about it at https://getcomposer.org/doc/01-basic-usage.md#installing-dependencies",
        "This file is @generated automatically"
    ],
    "content-hash": "8814e46c7eb888dac184e37a2323c3b5",
    "packages": [],
    "packages-dev": [
        {
            "name": "ideasonpurpose/wp-test-stubs",
            "version": "dev-main",
            "source": {
                "type": "git",
                "url": "https://github.com/ideasonpurpose/wp-test-stubs.git",
                "reference": "26a2b5846cafb8474861c69a2637b0af2d774583"
            },
            "dist": {
                "type": "zip",
                "url": "https://api.github.com/repos/ideasonpurpose/wp-test-stubs/zipball/26a2b5846cafb8474861c69a2637b0af2d774583",
                "reference": "26a2b5846cafb8474861c69a2637b0af2d774583",
                "shasum": ""
            },
            "require": {
                "php": ">=8.0.0"
            },
            "default-branch": true,
            "type": "library",
            "autoload": {
                "psr-4": {
                    "IdeasOnPurpose\\WP\\Test\\": "src/"
                }
            },
            "notification-url": "https://packagist.org/downloads/",
            "license": [
                "MIT"
            ],
            "authors": [
                {
                    "name": "Ideas On Purpose"
                },
                {
                    "name": "Joe Maller",
                    "email": "joe@ideasonpurpose.com"
                }
            ],
            "description": "A simple collection of stubs and doubles for testing WordPress code.",
            "support": {
                "issues": "https://github.com/ideasonpurpose/wp-test-stubs/issues",
                "source": "https://github.com/ideasonpurpose/wp-test-stubs/tree/main"
            },
            "time": "2022-05-14T02:39:34+00:00"
        },
        {
            "name": "php-stubs/acf-pro-stubs",
            "version": "dev-master",
            "source": {
                "type": "git",
                "url": "https://github.com/joemaller/acf-pro-stubs",
                "reference": "209cad35962044abf54f74c75b0cf3a05fdeeeaf"
            },
            "require": {
                "php-stubs/wordpress-stubs": "^4.7 || ^5.0 || ^6 || dev-master"
            },
            "require-dev": {
                "php": "~7.1",
                "php-stubs/generator": "^0.8"
            },
            "suggest": {
                "symfony/polyfill-php73": "Symfony polyfill backporting some PHP 7.3+ features to lower PHP versions",
                "szepeviktor/phpstan-wordpress": "WordPress extensions for PHPStan"
            },
            "default-branch": true,
            "type": "library",
            "license": [
                "GPL-2.0-or-later"
            ],
            "description": "Advanced Custom Fields PRO stubs for static analysis.",
            "homepage": "https://github.com/php-stubs/acf-pro-stubs",
            "keywords": [
                "acf",
                "phpstan",
                "static analysis",
                "wordpress"
            ],
            "time": "2022-05-28T00:09:48+00:00"
        },
        {
            "name": "php-stubs/wordpress-stubs",
            "version": "dev-master",
            "source": {
                "type": "git",
                "url": "https://github.com/php-stubs/wordpress-stubs.git",
                "reference": "ce909ee303ce4bb885e5009a739c19b461944166"
            },
            "dist": {
                "type": "zip",
                "url": "https://api.github.com/repos/php-stubs/wordpress-stubs/zipball/ce909ee303ce4bb885e5009a739c19b461944166",
                "reference": "ce909ee303ce4bb885e5009a739c19b461944166",
                "shasum": ""
            },
            "replace": {
                "giacocorsiglia/wordpress-stubs": "*"
            },
            "require-dev": {
                "nikic/php-parser": "< 4.12.0",
                "php": "~7.3 || ~8.0",
                "php-stubs/generator": "^0.8.1",
                "phpdocumentor/reflection-docblock": "^5.3",
                "phpstan/phpstan": "^1.2"
            },
            "suggest": {
                "paragonie/sodium_compat": "Pure PHP implementation of libsodium",
                "symfony/polyfill-php73": "Symfony polyfill backporting some PHP 7.3+ features to lower PHP versions",
                "szepeviktor/phpstan-wordpress": "WordPress extensions for PHPStan"
            },
            "default-branch": true,
            "type": "library",
            "notification-url": "https://packagist.org/downloads/",
            "license": [
                "MIT"
            ],
            "description": "WordPress function and class declaration stubs for static analysis.",
            "homepage": "https://github.com/php-stubs/wordpress-stubs",
            "keywords": [
                "PHPStan",
                "static analysis",
                "wordpress"
            ],
            "support": {
                "issues": "https://github.com/php-stubs/wordpress-stubs/issues",
                "source": "https://github.com/php-stubs/wordpress-stubs/tree/v6.0.0"
            },
            "time": "2022-05-26T14:35:42+00:00"
        }
    ],
    "aliases": [],
    "minimum-stability": "stable",
    "stability-flags": {
        "ideasonpurpose/wp-test-stubs": 20,
        "php-stubs/acf-pro-stubs": 20,
        "php-stubs/wordpress-stubs": 20
    },
    "prefer-stable": false,
    "prefer-lowest": false,
    "platform": [],
    "platform-dev": [],
    "plugin-api-version": "2.2.0"
}
